
Microsoft Visual Studio Solution File, Format Version 12.00
# Visual Studio Version 17
VisualStudioVersion = 17.7.34024.191
MinimumVisualStudioVersion = 10.0.40219.1
Project("{FAE04EC0-301F-11D3-BF4B-00C04F79EFBC}") = "Lab3_pilas", "Lab3_pilas\Lab3_pilas.csproj", "{22E5410D-44E0-46EB-950E-C20B279C0259}"
EndProject
Global
	GlobalSection(SolutionConfigurationPlatforms) = preSolution
		Debug|Any CPU = Debug|Any CPU
		Release|Any CPU = Release|Any CPU
	EndGlobalSection
	GlobalSection(ProjectConfigurationPlatforms) = postSolution
		{22E5410D-44E0-46EB-950E-C20B279C0259}.Debug|Any CPU.ActiveCfg = Debug|Any CPU
		{22E5410D-44E0-46EB-950E-C20B279C0259}.Debug|Any CPU.Build.0 = Debug|Any CPU
		{22E5410D-44E0-46EB-950E-C20B279C0259}.Release|Any CPU.ActiveCfg = Release|Any CPU
		{22E5410D-44E0-46EB-950E-C20B279C0259}.Release|Any CPU.Build.0 = Release|Any CPU
	EndGlobalSection
	GlobalSection(SolutionProperties) = preSolution
		HideSolutionNode = FALSE
	EndGlobalSection
	GlobalSection(ExtensibilityGlobals) = postSolution
		SolutionGuid = {92C4E52D-9DFC-44BB-A632-1B3D87C2D9CD}
	EndGlobalSection
EndGlobal
